
Microsoft Visual Studio Solution File, Format Version 12.00
# Visual Studio 15
VisualStudioVersion = 15.0.28307.421
MinimumVisualStudioVersion = 10.0.40219.1
Project("{FAE04EC0-301F-11D3-BF4B-00C04F79EFBC}") = "Tunerfish", "Tunerfish\Tunerfish.csproj", "{80F20AB2-3062-4054-AAED-5C2F51BB5472}"
EndProject
Project("{2150E333-8FDC-42A3-9474-1A3956D46DE8}") = "Documentation", "Documentation", "{1D0F17CC-CB8B-4BA7-BC3F-A822F15E5F83}"
	ProjectSection(SolutionItems) = preProject
		Documentation\txt.txt = Documentation\txt.txt
	EndProjectSection
EndProject
Project("{2150E333-8FDC-42A3-9474-1A3956D46DE8}") = "Solution Items", "Solution Items", "{447E489F-4F24-4C4E-B887-3623EA9BF1D7}"
	ProjectSection(SolutionItems) = preProject
		Tunerfish\bin\Debug\A1.wav = Tunerfish\bin\Debug\A1.wav
		Tunerfish\bin\Debug\A3.wav = Tunerfish\bin\Debug\A3.wav
		Tunerfish\bin\Debug\A5.wav = Tunerfish\bin\Debug\A5.wav
		Tunerfish\bin\Debug\A6.wav = Tunerfish\bin\Debug\A6.wav
		Tunerfish\bin\Debug\ASharp1.wav = Tunerfish\bin\Debug\ASharp1.wav
		Tunerfish\bin\Debug\ASharp3.wav = Tunerfish\bin\Debug\ASharp3.wav
		Tunerfish\bin\Debug\ASharp4.wav = Tunerfish\bin\Debug\ASharp4.wav
		Tunerfish\bin\Debug\ASharp5.wav = Tunerfish\bin\Debug\ASharp5.wav
		Tunerfish\bin\Debug\ASharp6.wav = Tunerfish\bin\Debug\ASharp6.wav
		Tunerfish\bin\Debug\B0.wav = Tunerfish\bin\Debug\B0.wav
		Tunerfish\bin\Debug\B1.wav = Tunerfish\bin\Debug\B1.wav
		Tunerfish\bin\Debug\B2.wav = Tunerfish\bin\Debug\B2.wav
		Tunerfish\bin\Debug\B3.wav = Tunerfish\bin\Debug\B3.wav
		Tunerfish\bin\Debug\B4.wav = Tunerfish\bin\Debug\B4.wav
		Tunerfish\bin\Debug\B5.wav = Tunerfish\bin\Debug\B5.wav
		Tunerfish\bin\Debug\B6.wav = Tunerfish\bin\Debug\B6.wav
		Tunerfish\bin\Debug\C1.wav = Tunerfish\bin\Debug\C1.wav
		Tunerfish\bin\Debug\C2.wav = Tunerfish\bin\Debug\C2.wav
		Tunerfish\bin\Debug\C3.wav = Tunerfish\bin\Debug\C3.wav
		Tunerfish\bin\Debug\C5.wav = Tunerfish\bin\Debug\C5.wav
		Tunerfish\bin\Debug\C6.wav = Tunerfish\bin\Debug\C6.wav
		Tunerfish\bin\Debug\C7.wav = Tunerfish\bin\Debug\C7.wav
		Tunerfish\bin\Debug\CSharp1.wav = Tunerfish\bin\Debug\CSharp1.wav
		Tunerfish\bin\Debug\CSharp2.wav = Tunerfish\bin\Debug\CSharp2.wav
		Tunerfish\bin\Debug\CSharp3.wav = Tunerfish\bin\Debug\CSharp3.wav
		Tunerfish\bin\Debug\CSharp4.wav = Tunerfish\bin\Debug\CSharp4.wav
		Tunerfish\bin\Debug\CSharp6.wav = Tunerfish\bin\Debug\CSharp6.wav
		Tunerfish\bin\Debug\CSharp7.wav = Tunerfish\bin\Debug\CSharp7.wav
		Tunerfish\bin\Debug\D1.wav = Tunerfish\bin\Debug\D1.wav
		Tunerfish\bin\Debug\D2.wav = Tunerfish\bin\Debug\D2.wav
		Tunerfish\bin\Debug\D3.wav = Tunerfish\bin\Debug\D3.wav
		Tunerfish\bin\Debug\D4.wav = Tunerfish\bin\Debug\D4.wav
		Tunerfish\bin\Debug\D5.wav = Tunerfish\bin\Debug\D5.wav
		Tunerfish\bin\Debug\D6.wav = Tunerfish\bin\Debug\D6.wav
		Tunerfish\bin\Debug\D7.wav = Tunerfish\bin\Debug\D7.wav
		Tunerfish\bin\Debug\DSharp1.wav = Tunerfish\bin\Debug\DSharp1.wav
		Tunerfish\bin\Debug\DSharp2.wav = Tunerfish\bin\Debug\DSharp2.wav
		Tunerfish\bin\Debug\DSharp4.wav = Tunerfish\bin\Debug\DSharp4.wav
		Tunerfish\bin\Debug\DSharp5.wav = Tunerfish\bin\Debug\DSharp5.wav
		Tunerfish\bin\Debug\DSharp6.wav = Tunerfish\bin\Debug\DSharp6.wav
		Tunerfish\bin\Debug\DSharp7.wav = Tunerfish\bin\Debug\DSharp7.wav
		Tunerfish\bin\Debug\E1.wav = Tunerfish\bin\Debug\E1.wav
		Tunerfish\bin\Debug\E2.wav = Tunerfish\bin\Debug\E2.wav
		Tunerfish\bin\Debug\E3.wav = Tunerfish\bin\Debug\E3.wav
		Tunerfish\bin\Debug\E4.wav = Tunerfish\bin\Debug\E4.wav
		Tunerfish\bin\Debug\E5.wav = Tunerfish\bin\Debug\E5.wav
		Tunerfish\bin\Debug\E6.wav = Tunerfish\bin\Debug\E6.wav
		Tunerfish\bin\Debug\E7.wav = Tunerfish\bin\Debug\E7.wav
		Tunerfish\bin\Debug\F1.wav = Tunerfish\bin\Debug\F1.wav
		Tunerfish\bin\Debug\F2.wav = Tunerfish\bin\Debug\F2.wav
		Tunerfish\bin\Debug\F3.wav = Tunerfish\bin\Debug\F3.wav
		Tunerfish\bin\Debug\F5.wav = Tunerfish\bin\Debug\F5.wav
		Tunerfish\bin\Debug\F6.wav = Tunerfish\bin\Debug\F6.wav
		Tunerfish\bin\Debug\F7.wav = Tunerfish\bin\Debug\F7.wav
		Tunerfish\bin\Debug\FSharp1.wav = Tunerfish\bin\Debug\FSharp1.wav
		Tunerfish\bin\Debug\FSharp2.wav = Tunerfish\bin\Debug\FSharp2.wav
		Tunerfish\bin\Debug\FSharp3.wav = Tunerfish\bin\Debug\FSharp3.wav
		Tunerfish\bin\Debug\FSharp5.wav = Tunerfish\bin\Debug\FSharp5.wav
		Tunerfish\bin\Debug\FSharp6.wav = Tunerfish\bin\Debug\FSharp6.wav
		Tunerfish\bin\Debug\G1.wav = Tunerfish\bin\Debug\G1.wav
		Tunerfish\bin\Debug\G2.wav = Tunerfish\bin\Debug\G2.wav
		Tunerfish\bin\Debug\G3.wav = Tunerfish\bin\Debug\G3.wav
		Tunerfish\bin\Debug\G4.wav = Tunerfish\bin\Debug\G4.wav
		Tunerfish\bin\Debug\G5.wav = Tunerfish\bin\Debug\G5.wav
		Tunerfish\bin\Debug\G6.wav = Tunerfish\bin\Debug\G6.wav
		Tunerfish\bin\Debug\G7.wav = Tunerfish\bin\Debug\G7.wav
		Tunerfish\bin\Debug\GSharp1.wav = Tunerfish\bin\Debug\GSharp1.wav
		Tunerfish\bin\Debug\GSharp2.wav = Tunerfish\bin\Debug\GSharp2.wav
		Tunerfish\bin\Debug\GSharp3.wav = Tunerfish\bin\Debug\GSharp3.wav
		Tunerfish\bin\Debug\GSharp5.wav = Tunerfish\bin\Debug\GSharp5.wav
		Tunerfish\bin\Debug\GSharp6.wav = Tunerfish\bin\Debug\GSharp6.wav
		Tunerfish\bin\Debug\HistoryData.json = Tunerfish\bin\Debug\HistoryData.json
	EndProjectSection
EndProject
Global
	GlobalSection(SolutionConfigurationPlatforms) = preSolution
		Debug|Any CPU = Debug|Any CPU
		Release|Any CPU = Release|Any CPU
	EndGlobalSection
	GlobalSection(ProjectConfigurationPlatforms) = postSolution
		{80F20AB2-3062-4054-AAED-5C2F51BB5472}.Debug|Any CPU.ActiveCfg = Debug|Any CPU
		{80F20AB2-3062-4054-AAED-5C2F51BB5472}.Debug|Any CPU.Build.0 = Debug|Any CPU
		{80F20AB2-3062-4054-AAED-5C2F51BB5472}.Release|Any CPU.ActiveCfg = Release|Any CPU
		{80F20AB2-3062-4054-AAED-5C2F51BB5472}.Release|Any CPU.Build.0 = Release|Any CPU
	EndGlobalSection
	GlobalSection(SolutionProperties) = preSolution
		HideSolutionNode = FALSE
	EndGlobalSection
	GlobalSection(ExtensibilityGlobals) = postSolution
		SolutionGuid = {3564DC6B-8A99-4344-BDAD-129A2BC71542}
	EndGlobalSection
EndGlobal
