
Microsoft Visual Studio Solution File, Format Version 12.00
# Visual Studio 15
VisualStudioVersion = 15.0.28307.421
MinimumVisualStudioVersion = 10.0.40219.1
Project("{FAE04EC0-301F-11D3-BF4B-00C04F79EFBC}") = "Tunerfish", "Tunerfish\Tunerfish.csproj", "{80F20AB2-3062-4054-AAED-5C2F51BB5472}"
EndProject
Project("{2150E333-8FDC-42A3-9474-1A3956D46DE8}") = "Documentation", "Documentation", "{1D0F17CC-CB8B-4BA7-BC3F-A822F15E5F83}"
	ProjectSection(SolutionItems) = preProject
		Documentation\txt.txt = Documentation\txt.txt
	EndProjectSection
EndProject
Global
	GlobalSection(SolutionConfigurationPlatforms) = preSolution
		Debug|Any CPU = Debug|Any CPU
		Release|Any CPU = Release|Any CPU
	EndGlobalSection
	GlobalSection(ProjectConfigurationPlatforms) = postSolution
		{80F20AB2-3062-4054-AAED-5C2F51BB5472}.Debug|Any CPU.ActiveCfg = Debug|Any CPU
		{80F20AB2-3062-4054-AAED-5C2F51BB5472}.Debug|Any CPU.Build.0 = Debug|Any CPU
		{80F20AB2-3062-4054-AAED-5C2F51BB5472}.Release|Any CPU.ActiveCfg = Release|Any CPU
		{80F20AB2-3062-4054-AAED-5C2F51BB5472}.Release|Any CPU.Build.0 = Release|Any CPU
	EndGlobalSection
	GlobalSection(SolutionProperties) = preSolution
		HideSolutionNode = FALSE
	EndGlobalSection
	GlobalSection(ExtensibilityGlobals) = postSolution
		SolutionGuid = {3564DC6B-8A99-4344-BDAD-129A2BC71542}
	EndGlobalSection
EndGlobal
